
Microsoft Visual Studio Solution File, Format Version 12.00
# Visual Studio Version 16
VisualStudioVersion = 16.0.31005.135
MinimumVisualStudioVersion = 10.0.40219.1
Project("{9A19103F-16F7-4668-BE54-9A1E7A4F7556}") = "FileReaderFromBlob", "FileReaderFromBlob\FileReaderFromBlob.csproj", "{9C2195D7-F897-42EE-99D7-13919740372E}"
EndProject
Project("{9A19103F-16F7-4668-BE54-9A1E7A4F7556}") = "FileDataExtractService", "FileDataExtractService\FileDataExtractService.csproj", "{7E31CC6E-2C58-4898-A04F-6AA5AF08DBE9}"
EndProject
Global
	GlobalSection(SolutionConfigurationPlatforms) = preSolution
		Debug|Any CPU = Debug|Any CPU
		Release|Any CPU = Release|Any CPU
	EndGlobalSection
	GlobalSection(ProjectConfigurationPlatforms) = postSolution
		{9C2195D7-F897-42EE-99D7-13919740372E}.Debug|Any CPU.ActiveCfg = Debug|Any CPU
		{9C2195D7-F897-42EE-99D7-13919740372E}.Debug|Any CPU.Build.0 = Debug|Any CPU
		{9C2195D7-F897-42EE-99D7-13919740372E}.Release|Any CPU.ActiveCfg = Release|Any CPU
		{9C2195D7-F897-42EE-99D7-13919740372E}.Release|Any CPU.Build.0 = Release|Any CPU
		{7E31CC6E-2C58-4898-A04F-6AA5AF08DBE9}.Debug|Any CPU.ActiveCfg = Debug|Any CPU
		{7E31CC6E-2C58-4898-A04F-6AA5AF08DBE9}.Debug|Any CPU.Build.0 = Debug|Any CPU
		{7E31CC6E-2C58-4898-A04F-6AA5AF08DBE9}.Release|Any CPU.ActiveCfg = Release|Any CPU
		{7E31CC6E-2C58-4898-A04F-6AA5AF08DBE9}.Release|Any CPU.Build.0 = Release|Any CPU
	EndGlobalSection
	GlobalSection(SolutionProperties) = preSolution
		HideSolutionNode = FALSE
	EndGlobalSection
	GlobalSection(ExtensibilityGlobals) = postSolution
		SolutionGuid = {44797197-8095-4CE1-B90B-0F67F361661E}
	EndGlobalSection
EndGlobal
